{
  "version": "3",
  "packages": {
    "specifiers": {
      "jsr:@std/assert@1": "jsr:@std/assert@1.0.9",
      "jsr:@std/async": "jsr:@std/async@1.0.9",
      "jsr:@std/bytes@^1.0.3": "jsr:@std/bytes@1.0.4",
      "jsr:@std/cli": "jsr:@std/cli@1.0.8",
      "jsr:@std/fs": "jsr:@std/fs@1.0.6",
      "jsr:@std/internal@^1.0.5": "jsr:@std/internal@1.0.5",
      "jsr:@std/json": "jsr:@std/json@1.0.1",
      "jsr:@std/json@^1.0.0": "jsr:@std/json@1.0.1",
      "jsr:@std/jsonc": "jsr:@std/jsonc@1.0.1",
      "jsr:@std/path": "jsr:@std/path@1.0.8",
      "jsr:@std/path@^1.0.8": "jsr:@std/path@1.0.8",
      "jsr:@std/streams": "jsr:@std/streams@1.0.8",
      "jsr:@std/streams@^1.0.7": "jsr:@std/streams@1.0.8",
      "npm:key-file-storage@^2.3.3": "npm:key-file-storage@2.3.3",
      "npm:luxon": "npm:luxon@3.5.0",
      "npm:luxon@^3.5.0": "npm:luxon@3.5.0",
      "npm:megalodon@^10.0.7": "npm:megalodon@10.0.7_ws@8.18.0",
      "npm:rehype-parse@^9.0.1": "npm:rehype-parse@9.0.1",
      "npm:rehype-remark@^10.0.0": "npm:rehype-remark@10.0.0",
      "npm:rehype-stringify@^10.0.1": "npm:rehype-stringify@10.0.1",
      "npm:remark-stringify@^11.0.0": "npm:remark-stringify@11.0.0",
      "npm:unified@^11.0.5": "npm:unified@11.0.5"
    },
    "jsr": {
      "@std/assert@1.0.9": {
        "integrity": "a9f0c611a869cc791b26f523eec54c7e187aab7932c2c8e8bea0622d13680dcd",
        "dependencies": [
          "jsr:@std/internal@^1.0.5"
        ]
      },
      "@std/async@1.0.9": {
        "integrity": "c6472fd0623b3f3daae023cdf7ca5535e1b721dfbf376562c0c12b3fb4867f91"
      },
      "@std/bytes@1.0.4": {
        "integrity": "11a0debe522707c95c7b7ef89b478c13fb1583a7cfb9a85674cd2cc2e3a28abc"
      },
      "@std/cli@1.0.8": {
        "integrity": "3762d8dc9a373715c08d871c38d45e637b25266f013a1d0bbe560bca409de94e"
      },
      "@std/fs@1.0.6": {
        "integrity": "42b56e1e41b75583a21d5a37f6a6a27de9f510bcd36c0c85791d685ca0b85fa2",
        "dependencies": [
          "jsr:@std/path@^1.0.8"
        ]
      },
      "@std/internal@1.0.5": {
        "integrity": "54a546004f769c1ac9e025abd15a76b6671ddc9687e2313b67376125650dc7ba"
      },
      "@std/json@1.0.1": {
        "integrity": "1f0f70737e8827f9acca086282e903677bc1bb0c8ffcd1f21bca60039563049f",
        "dependencies": [
          "jsr:@std/streams@^1.0.7"
        ]
      },
      "@std/jsonc@1.0.1": {
        "integrity": "6b36956e2a7cbb08ca5ad7fbec72e661e6217c202f348496ea88747636710dda",
        "dependencies": [
          "jsr:@std/json@^1.0.0"
        ]
      },
      "@std/path@1.0.8": {
        "integrity": "548fa456bb6a04d3c1a1e7477986b6cffbce95102d0bb447c67c4ee70e0364be"
      },
      "@std/streams@1.0.8": {
        "integrity": "b41332d93d2cf6a82fe4ac2153b930adf1a859392931e2a19d9fabfb6f154fb3",
        "dependencies": [
          "jsr:@std/bytes@^1.0.3"
        ]
      }
    },
    "npm": {
      "@badgateway/oauth2-client@2.4.2": {
        "integrity": "sha512-70Fmzlmn8EfCjjssls8N6E94quBUWnLhu4inPZU2pkwpc6ZvbErkLRvtkYl81KFCvVcuVC0X10QPZVNwjXo2KA==",
        "dependencies": {}
      },
      "@types/fs-extra@9.0.13": {
        "integrity": "sha512-nEnwB++1u5lVDM2UI4c1+5R+FYaKfaAzS4OococimjVm3nQw3TuzH5UNsocrcTBbhnerblyHj4A49qXbIiZdpA==",
        "dependencies": {
          "@types/node": "@types/node@18.16.19"
        }
      },
      "@types/hast@3.0.4": {
        "integrity": "sha512-WPs+bbQw5aCj+x6laNGWLH3wviHtoCv/P3+otBhbOhJgG8qtpdAMlTCxLtsTWA7LH1Oh/bFCHsBn0TPS5m30EQ==",
        "dependencies": {
          "@types/unist": "@types/unist@3.0.3"
        }
      },
      "@types/is-valid-path@0.1.2": {
        "integrity": "sha512-BsZtkfiPpnzDWFjSZanYllttVW7/46ayPZkcHBCSFBkBqIO9rWrflUvEmT2tF///hnPLwBJU3TJPzbBxpUEqCg==",
        "dependencies": {}
      },
      "@types/mdast@4.0.4": {
        "integrity": "sha512-kGaNbPh1k7AFzgpud/gMdvIm5xuECykRR+JnWKQno9TAXVa6WIVCGTPvYGekIDL4uwCZQSYbUxNBSb1aUo79oA==",
        "dependencies": {
          "@types/unist": "@types/unist@3.0.3"
        }
      },
      "@types/node@18.16.19": {
        "integrity": "sha512-IXl7o+R9iti9eBW4Wg2hx1xQDig183jj7YLn8F7udNceyfkbn1ZxmzZXuak20gR40D7pIkIY1kYGx5VIGbaHKA==",
        "dependencies": {}
      },
      "@types/unist@3.0.3": {
        "integrity": "sha512-ko/gIFJRv177XgZsZcBwnqJN5x/Gien8qNOn0D5bQU/zAzVf9Zt3BlcUiLqhV9y4ARk0GbT3tnUiPNgnTXzc/Q==",
        "dependencies": {}
      },
      "@types/ws@8.5.13": {
        "integrity": "sha512-osM/gWBTPKgHV8XkTunnegTRIsvF6owmf5w+JtAfOw472dptdm0dlGv4xCt6GwQRcC2XVOvvRE/0bAoQcL2QkA==",
        "dependencies": {
          "@types/node": "@types/node@18.16.19"
        }
      },
      "@ungap/structured-clone@1.2.1": {
        "integrity": "sha512-fEzPV3hSkSMltkw152tJKNARhOupqbH96MZWyRjNaYZOMIzbrTeQDG+MTc6Mr2pgzFQzFxAfmhGDNP5QK++2ZA==",
        "dependencies": {}
      },
      "asynckit@0.4.0": {
        "integrity": "sha512-Oei9OH4tRh0YqU3GxhX79dM/mwVgvbZJaSNaRk+bshkj0S5cfHcgYakreBjrHwatXKbz+IoIdYLxrKim2MjW0Q==",
        "dependencies": {}
      },
      "axios@1.7.7": {
        "integrity": "sha512-S4kL7XrjgBmvdGut0sN3yJxqYzrDOnivkBiN0OFs6hLiUam3UPvswUo0kqGyhqUZGEOytHyumEdXsAkgCOUf3Q==",
        "dependencies": {
          "follow-redirects": "follow-redirects@1.15.9",
          "form-data": "form-data@4.0.1",
          "proxy-from-env": "proxy-from-env@1.1.0"
        }
      },
      "bail@2.0.2": {
        "integrity": "sha512-0xO6mYd7JB2YesxDKplafRpsiOzPt9V02ddPCLbY1xYGPOX24NTyN50qnUxgCPcSoYMhKpAuBTjQoRZCAkUDRw==",
        "dependencies": {}
      },
      "balanced-match@1.0.2": {
        "integrity": "sha512-3oSeUO0TMV67hN1AmbXsK4yaqU7tjiHlbxRDZOpH0KW9+CeX4bRAaX0Anxt0tx2MrpRpWwQaPwIlISEJhYU5Pw==",
        "dependencies": {}
      },
      "brace-expansion@1.1.11": {
        "integrity": "sha512-iCuPHDFgrHX7H2vEI/5xpz07zSHB00TpugqhmYtVmMO6518mCuRMoOYFldEBl0g187ufozdaHgWKcYFb61qGiA==",
        "dependencies": {
          "balanced-match": "balanced-match@1.0.2",
          "concat-map": "concat-map@0.0.1"
        }
      },
      "ccount@2.0.1": {
        "integrity": "sha512-eyrF0jiFpY+3drT6383f1qhkbGsLSifNAjA61IUjZjmLCWjItY6LB9ft9YhoDgwfmclB2zhu51Lc7+95b8NRAg==",
        "dependencies": {}
      },
      "character-entities-html4@2.1.0": {
        "integrity": "sha512-1v7fgQRj6hnSwFpq1Eu0ynr/CDEw0rXo2B61qXrLNdHZmPKgb7fqS1a2JwF0rISo9q77jDI8VMEHoApn8qDoZA==",
        "dependencies": {}
      },
      "character-entities-legacy@3.0.0": {
        "integrity": "sha512-RpPp0asT/6ufRm//AJVwpViZbGM/MkjQFxJccQRHmISF/22NBtsHqAWmL+/pmkPWoIUJdWyeVleTl1wydHATVQ==",
        "dependencies": {}
      },
      "character-entities@2.0.2": {
        "integrity": "sha512-shx7oQ0Awen/BRIdkjkvz54PnEEI/EjwXDSIZp86/KKdbafHh1Df/RYGBhn4hbe2+uKC9FnT5UCEdyPz3ai9hQ==",
        "dependencies": {}
      },
      "combined-stream@1.0.8": {
        "integrity": "sha512-FQN4MRfuJeHf7cBbBMJFXhKSDq+2kAArBlmRBvcvFE5BB1HZKXtSFASDhdlz9zOYwxh8lDdnvmMOe/+5cdoEdg==",
        "dependencies": {
          "delayed-stream": "delayed-stream@1.0.0"
        }
      },
      "comma-separated-tokens@2.0.3": {
        "integrity": "sha512-Fu4hJdvzeylCfQPp9SGWidpzrMs7tTrlu6Vb8XGaRGck8QSNZJJp538Wrb60Lax4fPwR64ViY468OIUTbRlGZg==",
        "dependencies": {}
      },
      "concat-map@0.0.1": {
        "integrity": "sha512-/Srv4dswyQNBfohGpz9o6Yb3Gz3SrUDqBH5rTuhGR7ahtlbYKnVxw2bCFMRljaA7EXHaXZ8wsHdodFvbkhKmqg==",
        "dependencies": {}
      },
      "dayjs@1.11.13": {
        "integrity": "sha512-oaMBel6gjolK862uaPQOVTA7q3TZhuSvuMQAAglQDOWYO9A91IrAOUJEyKVlqJlHE0vq5p5UXxzdPfMH/x6xNg==",
        "dependencies": {}
      },
      "decode-named-character-reference@1.0.2": {
        "integrity": "sha512-O8x12RzrUF8xyVcY0KJowWsmaJxQbmy0/EtnNtHRpsOcT7dFk5W598coHqBVpmWo1oQQfsCqfCmkZN5DJrZVdg==",
        "dependencies": {
          "character-entities": "character-entities@2.0.2"
        }
      },
      "delayed-stream@1.0.0": {
        "integrity": "sha512-ZySD7Nf91aLB0RxL4KGrKHBXl7Eds1DAmEdcoVawXnLD7SDhpNgtuII2aAkg7a7QS41jxPSZ17p4VdGnMHk3MQ==",
        "dependencies": {}
      },
      "dequal@2.0.3": {
        "integrity": "sha512-0je+qPKHEMohvfRTCEo3CrPG6cAzAYgmzKyxRiYSSDkS6eGJdyVJm7WaYA5ECaAD9wLB2T4EEeymA5aFVcYXCA==",
        "dependencies": {}
      },
      "devlop@1.1.0": {
        "integrity": "sha512-RWmIqhcFf1lRYBvNmr7qTNuyCt/7/ns2jbpp1+PalgE/rDQcBT0fioSMUpJ93irlUhC5hrg4cYqe6U+0ImW0rA==",
        "dependencies": {
          "dequal": "dequal@2.0.3"
        }
      },
      "entities@4.5.0": {
        "integrity": "sha512-V0hjH4dGPh9Ao5p0MoRY6BVqtwCjhz6vI5LT8AJ55H+4g9/4vbHx1I54fS0XuclLhDHArPQCiMjDxjaL8fPxhw==",
        "dependencies": {}
      },
      "events@3.3.0": {
        "integrity": "sha512-mQw+2fkQbALzQ7V0MY0IqdnXNOeTtP4r0lN9z7AAawCXgqea7bDii20AYrIBrFd/Hx0M2Ocz6S111CaFkUcb0Q==",
        "dependencies": {}
      },
      "extend@3.0.2": {
        "integrity": "sha512-fjquC59cD7CyW6urNXK0FBufkZcoiGG80wTuPujX590cB5Ttln20E2UB4S/WARVqhXffZl2LNgS+gQdPIIim/g==",
        "dependencies": {}
      },
      "follow-redirects@1.15.9": {
        "integrity": "sha512-gew4GsXizNgdoRyqmyfMHyAmXsZDk6mHkSxZFCzW9gwlbtOW44CDtYavM+y+72qD/Vq2l550kMF52DT8fOLJqQ==",
        "dependencies": {}
      },
      "form-data@4.0.1": {
        "integrity": "sha512-tzN8e4TX8+kkxGPK8D5u0FNmjPUjw3lwC9lSLxxoB/+GtsJG91CO8bSWy73APlgAZzZbXEYZJuxjkHH2w+Ezhw==",
        "dependencies": {
          "asynckit": "asynckit@0.4.0",
          "combined-stream": "combined-stream@1.0.8",
          "mime-types": "mime-types@2.1.35"
        }
      },
      "fs-extra@10.1.0": {
        "integrity": "sha512-oRXApq54ETRj4eMiFzGnHWGy+zo5raudjuxN0b8H7s/RU2oW0Wvsx9O0ACRN/kRq9E8Vu/ReskGB5o3ji+FzHQ==",
        "dependencies": {
          "graceful-fs": "graceful-fs@4.2.11",
          "jsonfile": "jsonfile@6.1.0",
          "universalify": "universalify@2.0.1"
        }
      },
      "fs.realpath@1.0.0": {
        "integrity": "sha512-OO0pH2lK6a0hZnAdau5ItzHPI6pUlvI7jMVnxUQRtw4owF2wk8lOSabtGDCTP4Ggrg2MbGnWO9X8K1t4+fGMDw==",
        "dependencies": {}
      },
      "glob@7.2.3": {
        "integrity": "sha512-nFR0zLpU2YCaRxwoCJvL6UvCH2JFyFVIvwTLsIf21AuHlMskA1hhTdk+LlYJtOlYt9v6dvszD2BGRqBL+iQK9Q==",
        "dependencies": {
          "fs.realpath": "fs.realpath@1.0.0",
          "inflight": "inflight@1.0.6",
          "inherits": "inherits@2.0.4",
          "minimatch": "minimatch@3.1.2",
          "once": "once@1.4.0",
          "path-is-absolute": "path-is-absolute@1.0.1"
        }
      },
      "graceful-fs@4.2.11": {
        "integrity": "sha512-RbJ5/jmFcNNCcDV5o9eTnBLJ/HszWV0P73bc+Ff4nS/rJj+YaS6IGyiOL0VoBYX+l1Wrl3k63h/KrH+nhJ0XvQ==",
        "dependencies": {}
      },
      "hast-util-embedded@3.0.0": {
        "integrity": "sha512-naH8sld4Pe2ep03qqULEtvYr7EjrLK2QHY8KJR6RJkTUjPGObe1vnx585uzem2hGra+s1q08DZZpfgDVYRbaXA==",
        "dependencies": {
          "@types/hast": "@types/hast@3.0.4",
          "hast-util-is-element": "hast-util-is-element@3.0.0"
        }
      },
      "hast-util-from-html@2.0.3": {
        "integrity": "sha512-CUSRHXyKjzHov8yKsQjGOElXy/3EKpyX56ELnkHH34vDVw1N1XSQ1ZcAvTyAPtGqLTuKP/uxM+aLkSPqF/EtMw==",
        "dependencies": {
          "@types/hast": "@types/hast@3.0.4",
          "devlop": "devlop@1.1.0",
          "hast-util-from-parse5": "hast-util-from-parse5@8.0.2",
          "parse5": "parse5@7.2.1",
          "vfile": "vfile@6.0.3",
          "vfile-message": "vfile-message@4.0.2"
        }
      },
      "hast-util-from-parse5@8.0.2": {
        "integrity": "sha512-SfMzfdAi/zAoZ1KkFEyyeXBn7u/ShQrfd675ZEE9M3qj+PMFX05xubzRyF76CCSJu8au9jgVxDV1+okFvgZU4A==",
        "dependencies": {
          "@types/hast": "@types/hast@3.0.4",
          "@types/unist": "@types/unist@3.0.3",
          "devlop": "devlop@1.1.0",
          "hastscript": "hastscript@9.0.0",
          "property-information": "property-information@6.5.0",
          "vfile": "vfile@6.0.3",
          "vfile-location": "vfile-location@5.0.3",
          "web-namespaces": "web-namespaces@2.0.1"
        }
      },
      "hast-util-has-property@3.0.0": {
        "integrity": "sha512-MNilsvEKLFpV604hwfhVStK0usFY/QmM5zX16bo7EjnAEGofr5YyI37kzopBlZJkHD4t887i+q/C8/tr5Q94cA==",
        "dependencies": {
          "@types/hast": "@types/hast@3.0.4"
        }
      },
      "hast-util-is-body-ok-link@3.0.1": {
        "integrity": "sha512-0qpnzOBLztXHbHQenVB8uNuxTnm/QBFUOmdOSsEn7GnBtyY07+ENTWVFBAnXd/zEgd9/SUG3lRY7hSIBWRgGpQ==",
        "dependencies": {
          "@types/hast": "@types/hast@3.0.4"
        }
      },
      "hast-util-is-element@3.0.0": {
        "integrity": "sha512-Val9mnv2IWpLbNPqc/pUem+a7Ipj2aHacCwgNfTiK0vJKl0LF+4Ba4+v1oPHFpf3bLYmreq0/l3Gud9S5OH42g==",
        "dependencies": {
          "@types/hast": "@types/hast@3.0.4"
        }
      },
      "hast-util-minify-whitespace@1.0.1": {
        "integrity": "sha512-L96fPOVpnclQE0xzdWb/D12VT5FabA7SnZOUMtL1DbXmYiHJMXZvFkIZfiMmTCNJHUeO2K9UYNXoVyfz+QHuOw==",
        "dependencies": {
          "@types/hast": "@types/hast@3.0.4",
          "hast-util-embedded": "hast-util-embedded@3.0.0",
          "hast-util-is-element": "hast-util-is-element@3.0.0",
          "hast-util-whitespace": "hast-util-whitespace@3.0.0",
          "unist-util-is": "unist-util-is@6.0.0"
        }
      },
      "hast-util-parse-selector@4.0.0": {
        "integrity": "sha512-wkQCkSYoOGCRKERFWcxMVMOcYE2K1AaNLU8DXS9arxnLOUEWbOXKXiJUNzEpqZ3JOKpnha3jkFrumEjVliDe7A==",
        "dependencies": {
          "@types/hast": "@types/hast@3.0.4"
        }
      },
      "hast-util-phrasing@3.0.1": {
        "integrity": "sha512-6h60VfI3uBQUxHqTyMymMZnEbNl1XmEGtOxxKYL7stY2o601COo62AWAYBQR9lZbYXYSBoxag8UpPRXK+9fqSQ==",
        "dependencies": {
          "@types/hast": "@types/hast@3.0.4",
          "hast-util-embedded": "hast-util-embedded@3.0.0",
          "hast-util-has-property": "hast-util-has-property@3.0.0",
          "hast-util-is-body-ok-link": "hast-util-is-body-ok-link@3.0.1",
          "hast-util-is-element": "hast-util-is-element@3.0.0"
        }
      },
      "hast-util-to-html@9.0.3": {
        "integrity": "sha512-M17uBDzMJ9RPCqLMO92gNNUDuBSq10a25SDBI08iCCxmorf4Yy6sYHK57n9WAbRAAaU+DuR4W6GN9K4DFZesYg==",
        "dependencies": {
          "@types/hast": "@types/hast@3.0.4",
          "@types/unist": "@types/unist@3.0.3",
          "ccount": "ccount@2.0.1",
          "comma-separated-tokens": "comma-separated-tokens@2.0.3",
          "hast-util-whitespace": "hast-util-whitespace@3.0.0",
          "html-void-elements": "html-void-elements@3.0.0",
          "mdast-util-to-hast": "mdast-util-to-hast@13.2.0",
          "property-information": "property-information@6.5.0",
          "space-separated-tokens": "space-separated-tokens@2.0.2",
          "stringify-entities": "stringify-entities@4.0.4",
          "zwitch": "zwitch@2.0.4"
        }
      },
      "hast-util-to-mdast@10.1.1": {
        "integrity": "sha512-ObMDBFkVPHa0/47FUPO6UuupETRXNTY9y2dGBQQzEUrFq6LjUVwZEoUjjj/agvQ6oS+fAIyNzgNEa6h3lhaoKA==",
        "dependencies": {
          "@types/hast": "@types/hast@3.0.4",
          "@types/mdast": "@types/mdast@4.0.4",
          "@ungap/structured-clone": "@ungap/structured-clone@1.2.1",
          "hast-util-phrasing": "hast-util-phrasing@3.0.1",
          "hast-util-to-html": "hast-util-to-html@9.0.3",
          "hast-util-to-text": "hast-util-to-text@4.0.2",
          "hast-util-whitespace": "hast-util-whitespace@3.0.0",
          "mdast-util-phrasing": "mdast-util-phrasing@4.1.0",
          "mdast-util-to-hast": "mdast-util-to-hast@13.2.0",
          "mdast-util-to-string": "mdast-util-to-string@4.0.0",
          "rehype-minify-whitespace": "rehype-minify-whitespace@6.0.2",
          "trim-trailing-lines": "trim-trailing-lines@2.1.0",
          "unist-util-position": "unist-util-position@5.0.0",
          "unist-util-visit": "unist-util-visit@5.0.0"
        }
      },
      "hast-util-to-text@4.0.2": {
        "integrity": "sha512-KK6y/BN8lbaq654j7JgBydev7wuNMcID54lkRav1P0CaE1e47P72AWWPiGKXTJU271ooYzcvTAn/Zt0REnvc7A==",
        "dependencies": {
          "@types/hast": "@types/hast@3.0.4",
          "@types/unist": "@types/unist@3.0.3",
          "hast-util-is-element": "hast-util-is-element@3.0.0",
          "unist-util-find-after": "unist-util-find-after@5.0.0"
        }
      },
      "hast-util-whitespace@3.0.0": {
        "integrity": "sha512-88JUN06ipLwsnv+dVn+OIYOvAuvBMy/Qoi6O7mQHxdPXpjy+Cd6xRkWwux7DKO+4sYILtLBRIKgsdpS2gQc7qw==",
        "dependencies": {
          "@types/hast": "@types/hast@3.0.4"
        }
      },
      "hastscript@9.0.0": {
        "integrity": "sha512-jzaLBGavEDKHrc5EfFImKN7nZKKBdSLIdGvCwDZ9TfzbF2ffXiov8CKE445L2Z1Ek2t/m4SKQ2j6Ipv7NyUolw==",
        "dependencies": {
          "@types/hast": "@types/hast@3.0.4",
          "comma-separated-tokens": "comma-separated-tokens@2.0.3",
          "hast-util-parse-selector": "hast-util-parse-selector@4.0.0",
          "property-information": "property-information@6.5.0",
          "space-separated-tokens": "space-separated-tokens@2.0.2"
        }
      },
      "html-void-elements@3.0.0": {
        "integrity": "sha512-bEqo66MRXsUGxWHV5IP0PUiAWwoEjba4VCzg0LjFJBpchPaTfyfCKTG6bc5F8ucKec3q5y6qOdGyYTSBEvhCrg==",
        "dependencies": {}
      },
      "inflight@1.0.6": {
        "integrity": "sha512-k92I/b08q4wvFscXCLvqfsHCrjrF7yiXsQuIVvVE7N82W3+aqpzuUdBbfhWcy/FZR3/4IgflMgKLOsvPDrGCJA==",
        "dependencies": {
          "once": "once@1.4.0",
          "wrappy": "wrappy@1.0.2"
        }
      },
      "inherits@2.0.4": {
        "integrity": "sha512-k/vGaX4/Yla3WzyMCvTQOXYeIHvqOKtnqBduzTHpzpQZzAskKMhZ2K+EnBiSM9zGSoIFeMpXKxa4dYeZIQqewQ==",
        "dependencies": {}
      },
      "is-extglob@1.0.0": {
        "integrity": "sha512-7Q+VbVafe6x2T+Tu6NcOf6sRklazEPmBoB3IWk3WdGZM2iGUwU/Oe3Wtq5lSEkDTTlpp8yx+5t4pzO/i9Ty1ww==",
        "dependencies": {}
      },
      "is-glob@2.0.1": {
        "integrity": "sha512-a1dBeB19NXsf/E0+FHqkagizel/LQw2DjSQpvQrj3zT+jYPpaUCryPnrQajXKFLCMuf4I6FhRpaGtw4lPrG6Eg==",
        "dependencies": {
          "is-extglob": "is-extglob@1.0.0"
        }
      },
      "is-invalid-path@0.1.0": {
        "integrity": "sha512-aZMG0T3F34mTg4eTdszcGXx54oiZ4NtHSft3hWNJMGJXUUqdIj3cOZuHcU0nCWWcY3jd7yRe/3AEm3vSNTpBGQ==",
        "dependencies": {
          "is-glob": "is-glob@2.0.1"
        }
      },
      "is-plain-obj@4.1.0": {
        "integrity": "sha512-+Pgi+vMuUNkJyExiMBt5IlFoMyKnr5zhJ4Uspz58WOhBF5QoIZkFyNHIbBAtHwzVAgk5RtndVNsDRN61/mmDqg==",
        "dependencies": {}
      },
      "is-valid-path@0.1.1": {
        "integrity": "sha512-+kwPrVDu9Ms03L90Qaml+79+6DZHqHyRoANI6IsZJ/g8frhnfchDOBCa0RbQ6/kdHt5CS5OeIEyrYznNuVN+8A==",
        "dependencies": {
          "is-invalid-path": "is-invalid-path@0.1.0"
        }
      },
      "isomorphic-ws@5.0.0_ws@8.18.0": {
        "integrity": "sha512-muId7Zzn9ywDsyXgTIafTry2sV3nySZeUDe6YedVd1Hvuuep5AsIlqK+XefWpYTyJG5e503F2xIuT2lcU6rCSw==",
        "dependencies": {
          "ws": "ws@8.18.0"
        }
      },
      "jsonfile@6.1.0": {
        "integrity": "sha512-5dgndWOriYSm5cnYaJNhalLNDKOqFwyDB/rr1E9ZsGciGvKPs8R2xYGCacuf3z6K1YKDz182fd+fY3cn3pMqXQ==",
        "dependencies": {
          "graceful-fs": "graceful-fs@4.2.11",
          "universalify": "universalify@2.0.1"
        }
      },
      "key-file-storage@2.3.3": {
        "integrity": "sha512-bqFrbE0ifIq5ahrquGewh5nMub8fdH/nXKMg9CJHdCdD5W/6KQea483Qyss0q53tCOC64CN43DQo9TSvohlbKA==",
        "dependencies": {
          "@types/fs-extra": "@types/fs-extra@9.0.13",
          "@types/is-valid-path": "@types/is-valid-path@0.1.2",
          "fs-extra": "fs-extra@10.1.0",
          "is-valid-path": "is-valid-path@0.1.1",
          "recur-fs": "recur-fs@2.2.4"
        }
      },
      "longest-streak@3.1.0": {
        "integrity": "sha512-9Ri+o0JYgehTaVBBDoMqIl8GXtbWg711O3srftcHhZ0dqnETqLaoIK0x17fUw9rFSlK/0NlsKe0Ahhyl5pXE2g==",
        "dependencies": {}
      },
      "luxon@3.5.0": {
        "integrity": "sha512-rh+Zjr6DNfUYR3bPwJEnuwDdqMbxZW7LOQfUN4B54+Cl+0o5zaU9RJ6bcidfDtC1cWCZXQ+nvX8bf6bAji37QQ==",
        "dependencies": {}
      },
      "mdast-util-phrasing@4.1.0": {
        "integrity": "sha512-TqICwyvJJpBwvGAMZjj4J2n0X8QWp21b9l0o7eXyVJ25YNWYbJDVIyD1bZXE6WtV6RmKJVYmQAKWa0zWOABz2w==",
        "dependencies": {
          "@types/mdast": "@types/mdast@4.0.4",
          "unist-util-is": "unist-util-is@6.0.0"
        }
      },
      "mdast-util-to-hast@13.2.0": {
        "integrity": "sha512-QGYKEuUsYT9ykKBCMOEDLsU5JRObWQusAolFMeko/tYPufNkRffBAQjIE+99jbA87xv6FgmjLtwjh9wBWajwAA==",
        "dependencies": {
          "@types/hast": "@types/hast@3.0.4",
          "@types/mdast": "@types/mdast@4.0.4",
          "@ungap/structured-clone": "@ungap/structured-clone@1.2.1",
          "devlop": "devlop@1.1.0",
          "micromark-util-sanitize-uri": "micromark-util-sanitize-uri@2.0.0",
          "trim-lines": "trim-lines@3.0.1",
          "unist-util-position": "unist-util-position@5.0.0",
          "unist-util-visit": "unist-util-visit@5.0.0",
          "vfile": "vfile@6.0.3"
        }
      },
      "mdast-util-to-markdown@2.1.0": {
        "integrity": "sha512-SR2VnIEdVNCJbP6y7kVTJgPLifdr8WEU440fQec7qHoHOUz/oJ2jmNRqdDQ3rbiStOXb2mCDGTuwsK5OPUgYlQ==",
        "dependencies": {
          "@types/mdast": "@types/mdast@4.0.4",
          "@types/unist": "@types/unist@3.0.3",
          "longest-streak": "longest-streak@3.1.0",
          "mdast-util-phrasing": "mdast-util-phrasing@4.1.0",
          "mdast-util-to-string": "mdast-util-to-string@4.0.0",
          "micromark-util-decode-string": "micromark-util-decode-string@2.0.0",
          "unist-util-visit": "unist-util-visit@5.0.0",
          "zwitch": "zwitch@2.0.4"
        }
      },
      "mdast-util-to-string@4.0.0": {
        "integrity": "sha512-0H44vDimn51F0YwvxSJSm0eCDOJTRlmN0R1yBh4HLj9wiV1Dn0QoXGbvFAWj2hSItVTlCmBF1hqKlIyUBVFLPg==",
        "dependencies": {
          "@types/mdast": "@types/mdast@4.0.4"
        }
      },
      "megalodon@10.0.7_ws@8.18.0": {
        "integrity": "sha512-gz8mwfN3sp269fqpkd9znopK8U6rhuJKtlyI7sQyzk4d6VxpVIX730FBjACNz3Io4bWo9DJdQBH5XOO/FCHDzg==",
        "dependencies": {
          "@badgateway/oauth2-client": "@badgateway/oauth2-client@2.4.2",
          "@types/ws": "@types/ws@8.5.13",
          "axios": "axios@1.7.7",
          "dayjs": "dayjs@1.11.13",
          "events": "events@3.3.0",
          "form-data": "form-data@4.0.1",
          "isomorphic-ws": "isomorphic-ws@5.0.0_ws@8.18.0",
          "object-assign-deep": "object-assign-deep@0.4.0",
          "uuid": "uuid@11.0.3",
          "ws": "ws@8.18.0"
        }
      },
      "micromark-util-character@2.1.0": {
        "integrity": "sha512-KvOVV+X1yLBfs9dCBSopq/+G1PcgT3lAK07mC4BzXi5E7ahzMAF8oIupDDJ6mievI6F+lAATkbQQlQixJfT3aQ==",
        "dependencies": {
          "micromark-util-symbol": "micromark-util-symbol@2.0.0",
          "micromark-util-types": "micromark-util-types@2.0.0"
        }
      },
      "micromark-util-decode-numeric-character-reference@2.0.1": {
        "integrity": "sha512-bmkNc7z8Wn6kgjZmVHOX3SowGmVdhYS7yBpMnuMnPzDq/6xwVA604DuOXMZTO1lvq01g+Adfa0pE2UKGlxL1XQ==",
        "dependencies": {
          "micromark-util-symbol": "micromark-util-symbol@2.0.0"
        }
      },
      "micromark-util-decode-string@2.0.0": {
        "integrity": "sha512-r4Sc6leeUTn3P6gk20aFMj2ntPwn6qpDZqWvYmAG6NgvFTIlj4WtrAudLi65qYoaGdXYViXYw2pkmn7QnIFasA==",
        "dependencies": {
          "decode-named-character-reference": "decode-named-character-reference@1.0.2",
          "micromark-util-character": "micromark-util-character@2.1.0",
          "micromark-util-decode-numeric-character-reference": "micromark-util-decode-numeric-character-reference@2.0.1",
          "micromark-util-symbol": "micromark-util-symbol@2.0.0"
        }
      },
      "micromark-util-encode@2.0.0": {
        "integrity": "sha512-pS+ROfCXAGLWCOc8egcBvT0kf27GoWMqtdarNfDcjb6YLuV5cM3ioG45Ys2qOVqeqSbjaKg72vU+Wby3eddPsA==",
        "dependencies": {}
      },
      "micromark-util-sanitize-uri@2.0.0": {
        "integrity": "sha512-WhYv5UEcZrbAtlsnPuChHUAsu/iBPOVaEVsntLBIdpibO0ddy8OzavZz3iL2xVvBZOpolujSliP65Kq0/7KIYw==",
        "dependencies": {
          "micromark-util-character": "micromark-util-character@2.1.0",
          "micromark-util-encode": "micromark-util-encode@2.0.0",
          "micromark-util-symbol": "micromark-util-symbol@2.0.0"
        }
      },
      "micromark-util-symbol@2.0.0": {
        "integrity": "sha512-8JZt9ElZ5kyTnO94muPxIGS8oyElRJaiJO8EzV6ZSyGQ1Is8xwl4Q45qU5UOg+bGH4AikWziz0iN4sFLWs8PGw==",
        "dependencies": {}
      },
      "micromark-util-types@2.0.0": {
        "integrity": "sha512-oNh6S2WMHWRZrmutsRmDDfkzKtxF+bc2VxLC9dvtrDIRFln627VsFP6fLMgTryGDljgLPjkrzQSDcPrjPyDJ5w==",
        "dependencies": {}
      },
      "mime-db@1.52.0": {
        "integrity": "sha512-sPU4uV7dYlvtWJxwwxHD0PuihVNiE7TyAbQ5SWxDCB9mUYvOgroQOwYQQOKPJ8CIbE+1ETVlOoK1UC2nU3gYvg==",
        "dependencies": {}
      },
      "mime-types@2.1.35": {
        "integrity": "sha512-ZDY+bPm5zTTF+YpCrAU9nK0UgICYPT0QtT1NZWFv4s++TNkcgVaT0g6+4R2uI4MjQjzysHB1zxuWL50hzaeXiw==",
        "dependencies": {
          "mime-db": "mime-db@1.52.0"
        }
      },
      "minimatch@3.0.3": {
        "integrity": "sha512-NyXjqu1IwcqH6nv5vmMtaG3iw7kdV3g6MwlUBZkc3Vn5b5AMIWYKfptvzipoyFfhlfOgBQ9zoTxQMravF1QTnw==",
        "dependencies": {
          "brace-expansion": "brace-expansion@1.1.11"
        }
      },
      "minimatch@3.1.2": {
        "integrity": "sha512-J7p63hRiAjw1NDEww1W7i37+ByIrOWO5XQQAzZ3VOcL0PNybwpfmV/N05zFAzwQ9USyEcX6t3UO+K5aqBQOIHw==",
        "dependencies": {
          "brace-expansion": "brace-expansion@1.1.11"
        }
      },
      "minimist@0.0.8": {
        "integrity": "sha512-miQKw5Hv4NS1Psg2517mV4e4dYNaO3++hjAvLOAzKqZ61rH8NS1SK+vbfBWZ5PY/Me/bEWhUwqMghEW5Fb9T7Q==",
        "dependencies": {}
      },
      "mkdirp@0.5.1": {
        "integrity": "sha512-SknJC52obPfGQPnjIkXbmA6+5H15E+fR+E4iR2oQ3zzCLbd7/ONua69R/Gw7AgkTLsRG+r5fzksYwWe1AgTyWA==",
        "dependencies": {
          "minimist": "minimist@0.0.8"
        }
      },
      "object-assign-deep@0.4.0": {
        "integrity": "sha512-54Uvn3s+4A/cMWx9tlRez1qtc7pN7pbQ+Yi7mjLjcBpWLlP+XbSHiHbQW6CElDiV4OvuzqnMrBdkgxI1mT8V/Q==",
        "dependencies": {}
      },
      "once@1.4.0": {
        "integrity": "sha512-lNaJgI+2Q5URQBkccEKHTQOPaXdUxnZZElQTZY0MFUAuaEqe1E+Nyvgdz/aIyNi6Z9MzO5dv1H8n58/GELp3+w==",
        "dependencies": {
          "wrappy": "wrappy@1.0.2"
        }
      },
      "parse5@7.2.1": {
        "integrity": "sha512-BuBYQYlv1ckiPdQi/ohiivi9Sagc9JG+Ozs0r7b/0iK3sKmrb0b9FdWdBbOdx6hBCM/F9Ir82ofnBhtZOjCRPQ==",
        "dependencies": {
          "entities": "entities@4.5.0"
        }
      },
      "path-is-absolute@1.0.1": {
        "integrity": "sha512-AVbw3UJ2e9bq64vSaS9Am0fje1Pa8pbGqTTsmXfaIiMpnr5DlDhfJOuLj9Sf95ZPVDAUerDfEk88MPmPe7UCQg==",
        "dependencies": {}
      },
      "property-information@6.5.0": {
        "integrity": "sha512-PgTgs/BlvHxOu8QuEN7wi5A0OmXaBcHpmCSTehcs6Uuu9IkDIEo13Hy7n898RHfrQ49vKCoGeWZSaAK01nwVig==",
        "dependencies": {}
      },
      "proxy-from-env@1.1.0": {
        "integrity": "sha512-D+zkORCbA9f1tdWRK0RaCR3GPv50cMxcrz4X8k5LTSUD1Dkw47mKJEZQNunItRTkWwgtaUSo1RVFRIG9ZXiFYg==",
        "dependencies": {}
      },
      "recur-fs@2.2.4": {
        "integrity": "sha512-VofuavbR3PNwHAs2uxn2HNcyyXKIUBayVtdhdElJ8qqSmcr2TY71THQjAoF+PT1xEeUnEi57DWT2/+YSRCvr3w==",
        "dependencies": {
          "minimatch": "minimatch@3.0.3",
          "mkdirp": "mkdirp@0.5.1",
          "rimraf": "rimraf@2.5.4"
        }
      },
      "rehype-minify-whitespace@6.0.2": {
        "integrity": "sha512-Zk0pyQ06A3Lyxhe9vGtOtzz3Z0+qZ5+7icZ/PL/2x1SHPbKao5oB/g/rlc6BCTajqBb33JcOe71Ye1oFsuYbnw==",
        "dependencies": {
          "@types/hast": "@types/hast@3.0.4",
          "hast-util-minify-whitespace": "hast-util-minify-whitespace@1.0.1"
        }
      },
      "rehype-parse@9.0.1": {
        "integrity": "sha512-ksCzCD0Fgfh7trPDxr2rSylbwq9iYDkSn8TCDmEJ49ljEUBxDVCzCHv7QNzZOfODanX4+bWQ4WZqLCRWYLfhag==",
        "dependencies": {
          "@types/hast": "@types/hast@3.0.4",
          "hast-util-from-html": "hast-util-from-html@2.0.3",
          "unified": "unified@11.0.5"
        }
      },
      "rehype-remark@10.0.0": {
        "integrity": "sha512-+aDXY/icqMFOafJQomVjxe3BAP7aR3lIsQ3GV6VIwpbCD2nvNFOXjGvotMe5p0Ny+Gt6L13DhEf/FjOOpTuUbQ==",
        "dependencies": {
          "@types/hast": "@types/hast@3.0.4",
          "@types/mdast": "@types/mdast@4.0.4",
          "hast-util-to-mdast": "hast-util-to-mdast@10.1.1",
          "unified": "unified@11.0.5",
          "vfile": "vfile@6.0.3"
        }
      },
      "rehype-stringify@10.0.1": {
        "integrity": "sha512-k9ecfXHmIPuFVI61B9DeLPN0qFHfawM6RsuX48hoqlaKSF61RskNjSm1lI8PhBEM0MRdLxVVm4WmTqJQccH9mA==",
        "dependencies": {
          "@types/hast": "@types/hast@3.0.4",
          "hast-util-to-html": "hast-util-to-html@9.0.3",
          "unified": "unified@11.0.5"
        }
      },
      "remark-stringify@11.0.0": {
        "integrity": "sha512-1OSmLd3awB/t8qdoEOMazZkNsfVTeY4fTsgzcQFdXNq8ToTN4ZGwrMnlda4K6smTFKD+GRV6O48i6Z4iKgPPpw==",
        "dependencies": {
          "@types/mdast": "@types/mdast@4.0.4",
          "mdast-util-to-markdown": "mdast-util-to-markdown@2.1.0",
          "unified": "unified@11.0.5"
        }
      },
      "rimraf@2.5.4": {
        "integrity": "sha512-Lw7SHMjssciQb/rRz7JyPIy9+bbUshEucPoLRvWqy09vC5zQixl8Uet+Zl+SROBB/JMWHJRdCk1qdxNWHNMvlQ==",
        "dependencies": {
          "glob": "glob@7.2.3"
        }
      },
      "space-separated-tokens@2.0.2": {
        "integrity": "sha512-PEGlAwrG8yXGXRjW32fGbg66JAlOAwbObuqVoJpv/mRgoWDQfgH1wDPvtzWyUSNAXBGSk8h755YDbbcEy3SH2Q==",
        "dependencies": {}
      },
      "stringify-entities@4.0.4": {
        "integrity": "sha512-IwfBptatlO+QCJUo19AqvrPNqlVMpW9YEL2LIVY+Rpv2qsjCGxaDLNRgeGsQWJhfItebuJhsGSLjaBbNSQ+ieg==",
        "dependencies": {
          "character-entities-html4": "character-entities-html4@2.1.0",
          "character-entities-legacy": "character-entities-legacy@3.0.0"
        }
      },
      "trim-lines@3.0.1": {
        "integrity": "sha512-kRj8B+YHZCc9kQYdWfJB2/oUl9rA99qbowYYBtr4ui4mZyAQ2JpvVBd/6U2YloATfqBhBTSMhTpgBHtU0Mf3Rg==",
        "dependencies": {}
      },
      "trim-trailing-lines@2.1.0": {
        "integrity": "sha512-5UR5Biq4VlVOtzqkm2AZlgvSlDJtME46uV0br0gENbwN4l5+mMKT4b9gJKqWtuL2zAIqajGJGuvbCbcAJUZqBg==",
        "dependencies": {}
      },
      "trough@2.2.0": {
        "integrity": "sha512-tmMpK00BjZiUyVyvrBK7knerNgmgvcV/KLVyuma/SC+TQN167GrMRciANTz09+k3zW8L8t60jWO1GpfkZdjTaw==",
        "dependencies": {}
      },
      "unified@11.0.5": {
        "integrity": "sha512-xKvGhPWw3k84Qjh8bI3ZeJjqnyadK+GEFtazSfZv/rKeTkTjOJho6mFqh2SM96iIcZokxiOpg78GazTSg8+KHA==",
        "dependencies": {
          "@types/unist": "@types/unist@3.0.3",
          "bail": "bail@2.0.2",
          "devlop": "devlop@1.1.0",
          "extend": "extend@3.0.2",
          "is-plain-obj": "is-plain-obj@4.1.0",
          "trough": "trough@2.2.0",
          "vfile": "vfile@6.0.3"
        }
      },
      "unist-util-find-after@5.0.0": {
        "integrity": "sha512-amQa0Ep2m6hE2g72AugUItjbuM8X8cGQnFoHk0pGfrFeT9GZhzN5SW8nRsiGKK7Aif4CrACPENkA6P/Lw6fHGQ==",
        "dependencies": {
          "@types/unist": "@types/unist@3.0.3",
          "unist-util-is": "unist-util-is@6.0.0"
        }
      },
      "unist-util-is@6.0.0": {
        "integrity": "sha512-2qCTHimwdxLfz+YzdGfkqNlH0tLi9xjTnHddPmJwtIG9MGsdbutfTc4P+haPD7l7Cjxf/WZj+we5qfVPvvxfYw==",
        "dependencies": {
          "@types/unist": "@types/unist@3.0.3"
        }
      },
      "unist-util-position@5.0.0": {
        "integrity": "sha512-fucsC7HjXvkB5R3kTCO7kUjRdrS0BJt3M/FPxmHMBOm8JQi2BsHAHFsy27E0EolP8rp0NzXsJ+jNPyDWvOJZPA==",
        "dependencies": {
          "@types/unist": "@types/unist@3.0.3"
        }
      },
      "unist-util-stringify-position@4.0.0": {
        "integrity": "sha512-0ASV06AAoKCDkS2+xw5RXJywruurpbC4JZSm7nr7MOt1ojAzvyyaO+UxZf18j8FCF6kmzCZKcAgN/yu2gm2XgQ==",
        "dependencies": {
          "@types/unist": "@types/unist@3.0.3"
        }
      },
      "unist-util-visit-parents@6.0.1": {
        "integrity": "sha512-L/PqWzfTP9lzzEa6CKs0k2nARxTdZduw3zyh8d2NVBnsyvHjSX4TWse388YrrQKbvI8w20fGjGlhgT96WwKykw==",
        "dependencies": {
          "@types/unist": "@types/unist@3.0.3",
          "unist-util-is": "unist-util-is@6.0.0"
        }
      },
      "unist-util-visit@5.0.0": {
        "integrity": "sha512-MR04uvD+07cwl/yhVuVWAtw+3GOR/knlL55Nd/wAdblk27GCVt3lqpTivy/tkJcZoNPzTwS1Y+KMojlLDhoTzg==",
        "dependencies": {
          "@types/unist": "@types/unist@3.0.3",
          "unist-util-is": "unist-util-is@6.0.0",
          "unist-util-visit-parents": "unist-util-visit-parents@6.0.1"
        }
      },
      "universalify@2.0.1": {
        "integrity": "sha512-gptHNQghINnc/vTGIk0SOFGFNXw7JVrlRUtConJRlvaw6DuX0wO5Jeko9sWrMBhh+PsYAZ7oXAiOnf/UKogyiw==",
        "dependencies": {}
      },
      "uuid@11.0.3": {
        "integrity": "sha512-d0z310fCWv5dJwnX1Y/MncBAqGMKEzlBb1AOf7z9K8ALnd0utBX/msg/fA0+sbyN1ihbMsLhrBlnl1ak7Wa0rg==",
        "dependencies": {}
      },
      "vfile-location@5.0.3": {
        "integrity": "sha512-5yXvWDEgqeiYiBe1lbxYF7UMAIm/IcopxMHrMQDq3nvKcjPKIhZklUKL+AE7J7uApI4kwe2snsK+eI6UTj9EHg==",
        "dependencies": {
          "@types/unist": "@types/unist@3.0.3",
          "vfile": "vfile@6.0.3"
        }
      },
      "vfile-message@4.0.2": {
        "integrity": "sha512-jRDZ1IMLttGj41KcZvlrYAaI3CfqpLpfpf+Mfig13viT6NKvRzWZ+lXz0Y5D60w6uJIBAOGq9mSHf0gktF0duw==",
        "dependencies": {
          "@types/unist": "@types/unist@3.0.3",
          "unist-util-stringify-position": "unist-util-stringify-position@4.0.0"
        }
      },
      "vfile@6.0.3": {
        "integrity": "sha512-KzIbH/9tXat2u30jf+smMwFCsno4wHVdNmzFyL+T/L3UGqqk6JKfVqOFOZEpZSHADH1k40ab6NUIXZq422ov3Q==",
        "dependencies": {
          "@types/unist": "@types/unist@3.0.3",
          "vfile-message": "vfile-message@4.0.2"
        }
      },
      "web-namespaces@2.0.1": {
        "integrity": "sha512-bKr1DkiNa2krS7qxNtdrtHAmzuYGFQLiQ13TsorsdT6ULTkPLKuu5+GsFpDlg6JFjUTwX2DyhMPG2be8uPrqsQ==",
        "dependencies": {}
      },
      "wrappy@1.0.2": {
        "integrity": "sha512-l4Sp/DRseor9wL6EvV2+TuQn63dMkPjZ/sp9XkghTEbV9KlPS1xUsZ3u7/IQO4wxtcFB4bgpQPRcR3QCvezPcQ==",
        "dependencies": {}
      },
      "ws@8.18.0": {
        "integrity": "sha512-8VbfWfHLbbwu3+N6OKsOMpBdT4kXPDDB9cJk2bJ6mh9ucxdlnNvH1e+roYkKmN9Nxw2yjz7VzeO9oOz2zJ04Pw==",
        "dependencies": {}
      },
      "zwitch@2.0.4": {
        "integrity": "sha512-bXE4cR/kVZhKZX/RjPEflHaKVhUVl85noU3v6b8apfQEc1x4A+zBxjZ4lN8LqGd6WZ3dl98pY4o717VFmoPp+A==",
        "dependencies": {}
      }
    }
  },
  "remote": {
    "https://cdn.skypack.dev/-/indexeddbshim@v9.0.0-QVaW8rBIOGlJegwkWTsK/dist=es2019,mode=imports/unoptimized/dist/indexeddbshim-noninvasive.js": "036e9191db93ef296b84a8a59192d4851f231e3b76a638543491cf81fe08b666",
    "https://cdn.skypack.dev/-/regenerator-runtime@v0.13.9-4Dxus9nU31cBsHxnWq2H/dist=es2019,mode=imports/optimized/regenerator-runtime.js": "9d5c28ca64c45a9e606d5f3b35aec61568ed451495968171c8cc3ef1923cb7fe",
    "https://cdn.skypack.dev/indexeddbshim@v9.0.0/dist/indexeddbshim-noninvasive.js": "8825b3ce26bfea3ddfb612fd95ae295c78542423511bc4042c3d2e2a89894c08",
    "https://cdn.skypack.dev/regenerator-runtime@0.13.9": "adf7d286d4d4dd28347f3b0bc62fc614a7da3c76ad15e8ea4e4b2511d9632c9e",
    "https://deno.land/x/indexeddb@v1.1.0/lib/indexeddb.ts": "6d8eeec0c4074ed2e3ed5ae3c99e3b66703f772c791279d052680fe3b334de2d",
    "https://deno.land/x/indexeddb@v1.1.0/lib/shim.ts": "1cc9b0961a2ddb9836643e1fc661cf44eb55a777cd7625cba4256d259920d51b",
    "https://deno.land/x/indexeddb@v1.1.0/ponyfill.ts": "007573a164bbae362f0ab8468081b0d8932112bbf57ca15c11bdffdec7da8481",
    "https://deno.land/x/sqlite@v3.2.1/build/sqlite.js": "087db9bdacd1e5bb8b538ba328e5105571cc6d716deb9923e2eb5c8af763991a",
    "https://deno.land/x/sqlite@v3.2.1/build/vfs.js": "baff72655c0916c906327fe6703c6a47daa1346e55c2eaa2629bcd879a673c8d",
    "https://deno.land/x/sqlite@v3.2.1/mod.ts": "eb55ff3e103826ee735fa1a8ec2db6e96c8fec826faf198239c66a0fe635c4b6",
    "https://deno.land/x/sqlite@v3.2.1/src/constants.ts": "b967237b460fafa03ca03aeddb33953bed41c7cbdc309a934e2329a5c84079ac",
    "https://deno.land/x/sqlite@v3.2.1/src/db.ts": "f778a82f638c2e33c832c8d0e60144d11d0118d40f6ffb397cfa059c2b8e0c36",
    "https://deno.land/x/sqlite@v3.2.1/src/error.ts": "abf9df169951faf8c21a68d99ef9efd257c788c19784f27dd147507fbdfe5fe7",
    "https://deno.land/x/sqlite@v3.2.1/src/query.ts": "df4d3d6b23d52b36243dd47c07ed6ed7cd23f7834a0f6a2f2c6dbffba63d4c28",
    "https://deno.land/x/sqlite@v3.2.1/src/wasm.ts": "e79d0baa6e42423257fb3c7cc98091c54399254867e0f34a09b5bdef37bd9487",
    "https://deno.land/x/websql@v1.1.0/deps.ts": "f41d5d5dd7ebe4762b9536e75854fa03d4af9064ea921f4c6c4ca0ffad111a06",
    "https://deno.land/x/websql@v1.1.0/mod.ts": "c0b9f657ac9d148a7e47bb60b8bb9c62cc8f0b42646bb33d023b91deb5a8dd20",
    "https://deno.land/x/websql@v1.1.0/src/Database.ts": "8134b0d4c7409f333f7111e03b42f2b90146c033e0599aa6732ca6221af01e62",
    "https://deno.land/x/websql@v1.1.0/src/SQLResultSet.ts": "fa0729dc94735771f2c1389d4a4e89b370b358b731452067ea4792010e213655",
    "https://deno.land/x/websql@v1.1.0/src/SQLResultSetRowList.ts": "0d78f210e73217b9abcbba6fa6101751993e363975b117d06ddd7c18297241f3",
    "https://deno.land/x/websql@v1.1.0/src/SQLTransaction.ts": "dae5f017242b626041d470578df300fbb58d7bf3f18082d6050b9fef20c54607",
    "https://deno.land/x/websql@v1.1.0/src/SQLiteDBCache.ts": "919add0ea961f8bb50c8158f8674b08c3a14b247eab77a0908bc53ab5abee818"
  },
  "workspace": {
    "dependencies": [
      "jsr:@std/assert@1",
      "npm:key-file-storage@^2.3.3",
      "npm:luxon@^3.5.0",
      "npm:megalodon@^10.0.7",
      "npm:rehype-parse@^9.0.1",
      "npm:rehype-remark@^10.0.0",
      "npm:rehype-stringify@^10.0.1",
      "npm:remark-stringify@^11.0.0",
      "npm:unified@^11.0.5"
    ]
  }
}
